<?xml version="1.0" encoding="utf-8"?>
<Project ToolsVersion="4.0" xmlns="http://schemas.microsoft.com/developer/msbuild/2003">
  <ItemGroup>
    <ClInclude Include="LiterayCore.h" />
    <ClInclude Include="Sphere.h" />
    <ClInclude Include="Entity.h" />
    <ClInclude Include="Light.h" />
    <ClInclude Include="Cube.h" />
    <ClInclude Include="Plane.h" />
    <ClInclude Include="PickResult.h" />
    <ClInclude Include="Cylinder.h" />
    <ClInclude Include="Tube.h" />
    <ClInclude Include="Texture.h" />
    <ClInclude Include="Vector3f.h" />
    <ClInclude Include="Vector2f.h" />
    <ClInclude Include="Color.h" />
    <ClInclude Include="Global.h" />
  </ItemGroup>
  <ItemGroup>
    <ClCompile Include="LiterayCore.cpp" />
    <ClCompile Include="Sphere.cpp" />
    <ClCompile Include="Entity.cpp" />
    <ClCompile Include="Light.cpp" />
    <ClCompile Include="Cube.cpp" />
    <ClCompile Include="Plane.cpp" />
    <ClCompile Include="PickResult.cpp" />
    <ClCompile Include="Cylinder.cpp" />
    <ClCompile Include="Tube.cpp" />
    <ClCompile Include="Texture.cpp" />
    <ClCompile Include="Vector3f.cpp" />
    <ClCompile Include="Vector2f.cpp" />
    <ClCompile Include="Color.cpp" />
    <ClCompile Include="Global.cpp" />
  </ItemGroup>
</Project>